// !$*UTF8*$!
{
	archiveVersion = 1;
	classes = {
	};
	objectVersion = 48;
	objects = {

/* Begin PBXBuildFile section */
		B0AA9779208CF2B4003E6415 /* Robot.swift in Sources */ = {isa = PBXBuildFile; fileRef = B0AA9778208CF2B4003E6415 /* Robot.swift */; };
		B0AA977B208CFC62003E6415 /* cougarbot.urdf in Resources */ = {isa = PBXBuildFile; fileRef = B0AA977A208CFC62003E6415 /* cougarbot.urdf */; };
		B0AA977D208CFD03003E6415 /* linkExample.urdf in Resources */ = {isa = PBXBuildFile; fileRef = B0AA977C208CFD03003E6415 /* linkExample.urdf */; };
		B0E731E3205DC646006098EC /* AppDelegate.swift in Sources */ = {isa = PBXBuildFile; fileRef = B0E731E2205DC646006098EC /* AppDelegate.swift */; };
		B0E731E5205DC646006098EC /* ViewController.swift in Sources */ = {isa = PBXBuildFile; fileRef = B0E731E4205DC646006098EC /* ViewController.swift */; };
		B0E731E7205DC646006098EC /* Assets.xcassets in Resources */ = {isa = PBXBuildFile; fileRef = B0E731E6205DC646006098EC /* Assets.xcassets */; };
		B0E731EA205DC646006098EC /* Main.storyboard in Resources */ = {isa = PBXBuildFile; fileRef = B0E731E8205DC646006098EC /* Main.storyboard */; };
		B0E731F6205DC646006098EC /* PinkGoatTests.swift in Sources */ = {isa = PBXBuildFile; fileRef = B0E731F5205DC646006098EC /* PinkGoatTests.swift */; };
		B0E73201205DC646006098EC /* PinkGoatUITests.swift in Sources */ = {isa = PBXBuildFile; fileRef = B0E73200205DC646006098EC /* PinkGoatUITests.swift */; };
		B0E73211205DC66B006098EC /* Link.swift in Sources */ = {isa = PBXBuildFile; fileRef = B0E73210205DC66B006098EC /* Link.swift */; };
		B0E7321C205DC867006098EC /* SWXMLHash.framework in Frameworks */ = {isa = PBXBuildFile; fileRef = B0E7321A205DC857006098EC /* SWXMLHash.framework */; };
		B0E7321D205DC867006098EC /* SWXMLHash.framework in Embed Frameworks */ = {isa = PBXBuildFile; fileRef = B0E7321A205DC857006098EC /* SWXMLHash.framework */; settings = {ATTRIBUTES = (CodeSignOnCopy, RemoveHeadersOnCopy, ); }; };
		B0E73220205DC88C006098EC /* URDFParser.swift in Sources */ = {isa = PBXBuildFile; fileRef = B0E7321F205DC88C006098EC /* URDFParser.swift */; };
		B0E73223205DC8ED006098EC /* link-example.urdf in Resources */ = {isa = PBXBuildFile; fileRef = B0E73222205DC8ED006098EC /* link-example.urdf */; };
		B0E73225205DCF26006098EC /* Inertial.swift in Sources */ = {isa = PBXBuildFile; fileRef = B0E73224205DCF26006098EC /* Inertial.swift */; };
		B0E73227205DD971006098EC /* Visual.swift in Sources */ = {isa = PBXBuildFile; fileRef = B0E73226205DD971006098EC /* Visual.swift */; };
		B0E73229205DD987006098EC /* Geometry.swift in Sources */ = {isa = PBXBuildFile; fileRef = B0E73228205DD987006098EC /* Geometry.swift */; };
		B0E7322B205DDDF4006098EC /* Material.swift in Sources */ = {isa = PBXBuildFile; fileRef = B0E7322A205DDDF4006098EC /* Material.swift */; };
		B0E7322E2060BBA8006098EC /* URDFError.swift in Sources */ = {isa = PBXBuildFile; fileRef = B0E7322D2060BBA8006098EC /* URDFError.swift */; };
		B0E7323220621752006098EC /* LinkTests.swift in Sources */ = {isa = PBXBuildFile; fileRef = B0E7323120621752006098EC /* LinkTests.swift */; };
		B0E73234206217D8006098EC /* Joint.swift in Sources */ = {isa = PBXBuildFile; fileRef = B0E73233206217D8006098EC /* Joint.swift */; };
		B0E7323620623131006098EC /* Origin.swift in Sources */ = {isa = PBXBuildFile; fileRef = B0E7323520623131006098EC /* Origin.swift */; };
		B0E7323820634ECD006098EC /* JointTests.swift in Sources */ = {isa = PBXBuildFile; fileRef = B0E7323720634ECD006098EC /* JointTests.swift */; };
		B0E7323A20634F22006098EC /* URDFParserTests.swift in Sources */ = {isa = PBXBuildFile; fileRef = B0E7323920634F22006098EC /* URDFParserTests.swift */; };
		B0E7323E20635014006098EC /* joint-example.urdf in Resources */ = {isa = PBXBuildFile; fileRef = B0E7323D20635014006098EC /* joint-example.urdf */; };
		B0E73240206350FC006098EC /* SWXMLHash.framework in Frameworks */ = {isa = PBXBuildFile; fileRef = B0E7321A205DC857006098EC /* SWXMLHash.framework */; };
/* End PBXBuildFile section */

/* Begin PBXContainerItemProxy section */
		B0E731F2205DC646006098EC /* PBXContainerItemProxy */ = {
			isa = PBXContainerItemProxy;
			containerPortal = B0E731D7205DC646006098EC /* Project object */;
			proxyType = 1;
			remoteGlobalIDString = B0E731DE205DC646006098EC;
			remoteInfo = PinkGoat;
		};
		B0E731FD205DC646006098EC /* PBXContainerItemProxy */ = {
			isa = PBXContainerItemProxy;
			containerPortal = B0E731D7205DC646006098EC /* Project object */;
			proxyType = 1;
			remoteGlobalIDString = B0E731DE205DC646006098EC;
			remoteInfo = PinkGoat;
		};
/* End PBXContainerItemProxy section */

/* Begin PBXCopyFilesBuildPhase section */
		B0E7321E205DC867006098EC /* Embed Frameworks */ = {
			isa = PBXCopyFilesBuildPhase;
			buildActionMask = 2147483647;
			dstPath = "";
			dstSubfolderSpec = 10;
			files = (
				B0E7321D205DC867006098EC /* SWXMLHash.framework in Embed Frameworks */,
			);
			name = "Embed Frameworks";
			runOnlyForDeploymentPostprocessing = 0;
		};
/* End PBXCopyFilesBuildPhase section */

/* Begin PBXFileReference section */
		B0AA9778208CF2B4003E6415 /* Robot.swift */ = {isa = PBXFileReference; lastKnownFileType = sourcecode.swift; path = Robot.swift; sourceTree = "<group>"; };
		B0AA977A208CFC62003E6415 /* cougarbot.urdf */ = {isa = PBXFileReference; lastKnownFileType = text; path = cougarbot.urdf; sourceTree = "<group>"; };
		B0AA977C208CFD03003E6415 /* linkExample.urdf */ = {isa = PBXFileReference; lastKnownFileType = text; path = linkExample.urdf; sourceTree = "<group>"; };
		B0E731DF205DC646006098EC /* PinkGoat.app */ = {isa = PBXFileReference; explicitFileType = wrapper.application; includeInIndex = 0; path = PinkGoat.app; sourceTree = BUILT_PRODUCTS_DIR; };
		B0E731E2205DC646006098EC /* AppDelegate.swift */ = {isa = PBXFileReference; lastKnownFileType = sourcecode.swift; path = AppDelegate.swift; sourceTree = "<group>"; };
		B0E731E4205DC646006098EC /* ViewController.swift */ = {isa = PBXFileReference; lastKnownFileType = sourcecode.swift; path = ViewController.swift; sourceTree = "<group>"; };
		B0E731E6205DC646006098EC /* Assets.xcassets */ = {isa = PBXFileReference; lastKnownFileType = folder.assetcatalog; path = Assets.xcassets; sourceTree = "<group>"; };
		B0E731E9205DC646006098EC /* Base */ = {isa = PBXFileReference; lastKnownFileType = file.storyboard; name = Base; path = Base.lproj/Main.storyboard; sourceTree = "<group>"; };
		B0E731EB205DC646006098EC /* Info.plist */ = {isa = PBXFileReference; lastKnownFileType = text.plist.xml; path = Info.plist; sourceTree = "<group>"; };
		B0E731EC205DC646006098EC /* PinkGoat.entitlements */ = {isa = PBXFileReference; lastKnownFileType = text.plist.entitlements; path = PinkGoat.entitlements; sourceTree = "<group>"; };
		B0E731F1205DC646006098EC /* PinkGoatTests.xctest */ = {isa = PBXFileReference; explicitFileType = wrapper.cfbundle; includeInIndex = 0; path = PinkGoatTests.xctest; sourceTree = BUILT_PRODUCTS_DIR; };
		B0E731F5205DC646006098EC /* PinkGoatTests.swift */ = {isa = PBXFileReference; lastKnownFileType = sourcecode.swift; path = PinkGoatTests.swift; sourceTree = "<group>"; };
		B0E731F7205DC646006098EC /* Info.plist */ = {isa = PBXFileReference; lastKnownFileType = text.plist.xml; path = Info.plist; sourceTree = "<group>"; };
		B0E731FC205DC646006098EC /* PinkGoatUITests.xctest */ = {isa = PBXFileReference; explicitFileType = wrapper.cfbundle; includeInIndex = 0; path = PinkGoatUITests.xctest; sourceTree = BUILT_PRODUCTS_DIR; };
		B0E73200205DC646006098EC /* PinkGoatUITests.swift */ = {isa = PBXFileReference; lastKnownFileType = sourcecode.swift; path = PinkGoatUITests.swift; sourceTree = "<group>"; };
		B0E73202205DC646006098EC /* Info.plist */ = {isa = PBXFileReference; lastKnownFileType = text.plist.xml; path = Info.plist; sourceTree = "<group>"; };
		B0E73210205DC66B006098EC /* Link.swift */ = {isa = PBXFileReference; lastKnownFileType = sourcecode.swift; path = Link.swift; sourceTree = "<group>"; };
		B0E7321A205DC857006098EC /* SWXMLHash.framework */ = {isa = PBXFileReference; lastKnownFileType = wrapper.framework; path = SWXMLHash.framework; sourceTree = "<group>"; };
		B0E7321F205DC88C006098EC /* URDFParser.swift */ = {isa = PBXFileReference; lastKnownFileType = sourcecode.swift; path = URDFParser.swift; sourceTree = "<group>"; };
		B0E73222205DC8ED006098EC /* link-example.urdf */ = {isa = PBXFileReference; fileEncoding = 4; lastKnownFileType = text; path = "link-example.urdf"; sourceTree = "<group>"; };
		B0E73224205DCF26006098EC /* Inertial.swift */ = {isa = PBXFileReference; lastKnownFileType = sourcecode.swift; path = Inertial.swift; sourceTree = "<group>"; };
		B0E73226205DD971006098EC /* Visual.swift */ = {isa = PBXFileReference; lastKnownFileType = sourcecode.swift; path = Visual.swift; sourceTree = "<group>"; };
		B0E73228205DD987006098EC /* Geometry.swift */ = {isa = PBXFileReference; lastKnownFileType = sourcecode.swift; path = Geometry.swift; sourceTree = "<group>"; };
		B0E7322A205DDDF4006098EC /* Material.swift */ = {isa = PBXFileReference; lastKnownFileType = sourcecode.swift; path = Material.swift; sourceTree = "<group>"; };
		B0E7322D2060BBA8006098EC /* URDFError.swift */ = {isa = PBXFileReference; lastKnownFileType = sourcecode.swift; path = URDFError.swift; sourceTree = "<group>"; };
		B0E7323120621752006098EC /* LinkTests.swift */ = {isa = PBXFileReference; lastKnownFileType = sourcecode.swift; path = LinkTests.swift; sourceTree = "<group>"; };
		B0E73233206217D8006098EC /* Joint.swift */ = {isa = PBXFileReference; lastKnownFileType = sourcecode.swift; path = Joint.swift; sourceTree = "<group>"; };
		B0E7323520623131006098EC /* Origin.swift */ = {isa = PBXFileReference; lastKnownFileType = sourcecode.swift; path = Origin.swift; sourceTree = "<group>"; };
		B0E7323720634ECD006098EC /* JointTests.swift */ = {isa = PBXFileReference; lastKnownFileType = sourcecode.swift; path = JointTests.swift; sourceTree = "<group>"; };
		B0E7323920634F22006098EC /* URDFParserTests.swift */ = {isa = PBXFileReference; lastKnownFileType = sourcecode.swift; path = URDFParserTests.swift; sourceTree = "<group>"; };
		B0E7323D20635014006098EC /* joint-example.urdf */ = {isa = PBXFileReference; fileEncoding = 4; lastKnownFileType = text; path = "joint-example.urdf"; sourceTree = "<group>"; };
/* End PBXFileReference section */

/* Begin PBXFrameworksBuildPhase section */
		B0E731DC205DC646006098EC /* Frameworks */ = {
			isa = PBXFrameworksBuildPhase;
			buildActionMask = 2147483647;
			files = (
				B0E7321C205DC867006098EC /* SWXMLHash.framework in Frameworks */,
			);
			runOnlyForDeploymentPostprocessing = 0;
		};
		B0E731EE205DC646006098EC /* Frameworks */ = {
			isa = PBXFrameworksBuildPhase;
			buildActionMask = 2147483647;
			files = (
				B0E73240206350FC006098EC /* SWXMLHash.framework in Frameworks */,
			);
			runOnlyForDeploymentPostprocessing = 0;
		};
		B0E731F9205DC646006098EC /* Frameworks */ = {
			isa = PBXFrameworksBuildPhase;
			buildActionMask = 2147483647;
			files = (
			);
			runOnlyForDeploymentPostprocessing = 0;
		};
/* End PBXFrameworksBuildPhase section */

/* Begin PBXGroup section */
		B0E731D6205DC646006098EC = {
			isa = PBXGroup;
			children = (
				B0E7321A205DC857006098EC /* SWXMLHash.framework */,
				B0E731E1205DC646006098EC /* PinkGoat */,
				B0E731F4205DC646006098EC /* PinkGoatTests */,
				B0E731FF205DC646006098EC /* PinkGoatUITests */,
				B0E731E0205DC646006098EC /* Products */,
				B0E7323F206350FC006098EC /* Frameworks */,
			);
			sourceTree = "<group>";
		};
		B0E731E0205DC646006098EC /* Products */ = {
			isa = PBXGroup;
			children = (
				B0E731DF205DC646006098EC /* PinkGoat.app */,
				B0E731F1205DC646006098EC /* PinkGoatTests.xctest */,
				B0E731FC205DC646006098EC /* PinkGoatUITests.xctest */,
			);
			name = Products;
			sourceTree = "<group>";
		};
		B0E731E1205DC646006098EC /* PinkGoat */ = {
			isa = PBXGroup;
			children = (
				B0E7322C2060BB9A006098EC /* Errors */,
				B0E73221205DC8DF006098EC /* Supporting Files */,
				B0E7320F205DC65E006098EC /* Models */,
				B0E7320E205DC652006098EC /* URDF */,
				B0E731E2205DC646006098EC /* AppDelegate.swift */,
				B0E731E4205DC646006098EC /* ViewController.swift */,
				B0E731E6205DC646006098EC /* Assets.xcassets */,
				B0E731E8205DC646006098EC /* Main.storyboard */,
				B0E731EB205DC646006098EC /* Info.plist */,
				B0E731EC205DC646006098EC /* PinkGoat.entitlements */,
			);
			path = PinkGoat;
			sourceTree = "<group>";
		};
		B0E731F4205DC646006098EC /* PinkGoatTests */ = {
			isa = PBXGroup;
			children = (
				B0E7323C20634FB6006098EC /* Fixtures */,
				B0E731F5205DC646006098EC /* PinkGoatTests.swift */,
				B0E731F7205DC646006098EC /* Info.plist */,
				B0E7323120621752006098EC /* LinkTests.swift */,
				B0E7323720634ECD006098EC /* JointTests.swift */,
				B0E7323920634F22006098EC /* URDFParserTests.swift */,
			);
			path = PinkGoatTests;
			sourceTree = "<group>";
		};
		B0E731FF205DC646006098EC /* PinkGoatUITests */ = {
			isa = PBXGroup;
			children = (
				B0E73200205DC646006098EC /* PinkGoatUITests.swift */,
				B0E73202205DC646006098EC /* Info.plist */,
			);
			path = PinkGoatUITests;
			sourceTree = "<group>";
		};
		B0E7320E205DC652006098EC /* URDF */ = {
			isa = PBXGroup;
			children = (
				B0E7321F205DC88C006098EC /* URDFParser.swift */,
			);
			path = URDF;
			sourceTree = "<group>";
		};
		B0E7320F205DC65E006098EC /* Models */ = {
			isa = PBXGroup;
			children = (
				B0E73210205DC66B006098EC /* Link.swift */,
				B0E73224205DCF26006098EC /* Inertial.swift */,
				B0E73226205DD971006098EC /* Visual.swift */,
				B0E73228205DD987006098EC /* Geometry.swift */,
				B0E7322A205DDDF4006098EC /* Material.swift */,
				B0E73233206217D8006098EC /* Joint.swift */,
				B0E7323520623131006098EC /* Origin.swift */,
				B0AA9778208CF2B4003E6415 /* Robot.swift */,
			);
			path = Models;
			sourceTree = "<group>";
		};
		B0E73221205DC8DF006098EC /* Supporting Files */ = {
			isa = PBXGroup;
			children = (
				B0E73222205DC8ED006098EC /* link-example.urdf */,
			);
			path = "Supporting Files";
			sourceTree = "<group>";
		};
		B0E7322C2060BB9A006098EC /* Errors */ = {
			isa = PBXGroup;
			children = (
				B0E7322D2060BBA8006098EC /* URDFError.swift */,
			);
			path = Errors;
			sourceTree = "<group>";
		};
		B0E7323C20634FB6006098EC /* Fixtures */ = {
			isa = PBXGroup;
			children = (
				B0E7323D20635014006098EC /* joint-example.urdf */,
				B0AA977A208CFC62003E6415 /* cougarbot.urdf */,
				B0AA977C208CFD03003E6415 /* linkExample.urdf */,
			);
			path = Fixtures;
			sourceTree = "<group>";
		};
		B0E7323F206350FC006098EC /* Frameworks */ = {
			isa = PBXGroup;
			children = (
			);
			name = Frameworks;
			sourceTree = "<group>";
		};
/* End PBXGroup section */

/* Begin PBXNativeTarget section */
		B0E731DE205DC646006098EC /* PinkGoat */ = {
			isa = PBXNativeTarget;
			buildConfigurationList = B0E73205205DC646006098EC /* Build configuration list for PBXNativeTarget "PinkGoat" */;
			buildPhases = (
				B0E731DB205DC646006098EC /* Sources */,
				B0E731DC205DC646006098EC /* Frameworks */,
				B0E731DD205DC646006098EC /* Resources */,
				B0E7321E205DC867006098EC /* Embed Frameworks */,
			);
			buildRules = (
			);
			dependencies = (
			);
			name = PinkGoat;
			productName = PinkGoat;
			productReference = B0E731DF205DC646006098EC /* PinkGoat.app */;
			productType = "com.apple.product-type.application";
		};
		B0E731F0205DC646006098EC /* PinkGoatTests */ = {
			isa = PBXNativeTarget;
			buildConfigurationList = B0E73208205DC646006098EC /* Build configuration list for PBXNativeTarget "PinkGoatTests" */;
			buildPhases = (
				B0E731ED205DC646006098EC /* Sources */,
				B0E731EE205DC646006098EC /* Frameworks */,
				B0E731EF205DC646006098EC /* Resources */,
			);
			buildRules = (
			);
			dependencies = (
				B0E731F3205DC646006098EC /* PBXTargetDependency */,
			);
			name = PinkGoatTests;
			productName = PinkGoatTests;
			productReference = B0E731F1205DC646006098EC /* PinkGoatTests.xctest */;
			productType = "com.apple.product-type.bundle.unit-test";
		};
		B0E731FB205DC646006098EC /* PinkGoatUITests */ = {
			isa = PBXNativeTarget;
			buildConfigurationList = B0E7320B205DC646006098EC /* Build configuration list for PBXNativeTarget "PinkGoatUITests" */;
			buildPhases = (
				B0E731F8205DC646006098EC /* Sources */,
				B0E731F9205DC646006098EC /* Frameworks */,
				B0E731FA205DC646006098EC /* Resources */,
			);
			buildRules = (
			);
			dependencies = (
				B0E731FE205DC646006098EC /* PBXTargetDependency */,
			);
			name = PinkGoatUITests;
			productName = PinkGoatUITests;
			productReference = B0E731FC205DC646006098EC /* PinkGoatUITests.xctest */;
			productType = "com.apple.product-type.bundle.ui-testing";
		};
/* End PBXNativeTarget section */

/* Begin PBXProject section */
		B0E731D7205DC646006098EC /* Project object */ = {
			isa = PBXProject;
			attributes = {
				LastSwiftUpdateCheck = 0920;
				LastUpgradeCheck = 0920;
				ORGANIZATIONNAME = "Roy Li";
				TargetAttributes = {
					B0E731DE205DC646006098EC = {
						CreatedOnToolsVersion = 9.2;
						ProvisioningStyle = Automatic;
					};
					B0E731F0205DC646006098EC = {
						CreatedOnToolsVersion = 9.2;
						ProvisioningStyle = Automatic;
						TestTargetID = B0E731DE205DC646006098EC;
					};
					B0E731FB205DC646006098EC = {
						CreatedOnToolsVersion = 9.2;
						ProvisioningStyle = Automatic;
						TestTargetID = B0E731DE205DC646006098EC;
					};
				};
			};
			buildConfigurationList = B0E731DA205DC646006098EC /* Build configuration list for PBXProject "PinkGoat" */;
			compatibilityVersion = "Xcode 8.0";
			developmentRegion = en;
			hasScannedForEncodings = 0;
			knownRegions = (
				en,
				Base,
			);
			mainGroup = B0E731D6205DC646006098EC;
			productRefGroup = B0E731E0205DC646006098EC /* Products */;
			projectDirPath = "";
			projectRoot = "";
			targets = (
				B0E731DE205DC646006098EC /* PinkGoat */,
				B0E731F0205DC646006098EC /* PinkGoatTests */,
				B0E731FB205DC646006098EC /* PinkGoatUITests */,
			);
		};
/* End PBXProject section */

/* Begin PBXResourcesBuildPhase section */
		B0E731DD205DC646006098EC /* Resources */ = {
			isa = PBXResourcesBuildPhase;
			buildActionMask = 2147483647;
			files = (
				B0E73223205DC8ED006098EC /* link-example.urdf in Resources */,
				B0E731E7205DC646006098EC /* Assets.xcassets in Resources */,
				B0E731EA205DC646006098EC /* Main.storyboard in Resources */,
			);
			runOnlyForDeploymentPostprocessing = 0;
		};
		B0E731EF205DC646006098EC /* Resources */ = {
			isa = PBXResourcesBuildPhase;
			buildActionMask = 2147483647;
			files = (
				B0AA977D208CFD03003E6415 /* linkExample.urdf in Resources */,
				B0E7323E20635014006098EC /* joint-example.urdf in Resources */,
				B0AA977B208CFC62003E6415 /* cougarbot.urdf in Resources */,
			);
			runOnlyForDeploymentPostprocessing = 0;
		};
		B0E731FA205DC646006098EC /* Resources */ = {
			isa = PBXResourcesBuildPhase;
			buildActionMask = 2147483647;
			files = (
			);
			runOnlyForDeploymentPostprocessing = 0;
		};
/* End PBXResourcesBuildPhase section */

/* Begin PBXSourcesBuildPhase section */
		B0E731DB205DC646006098EC /* Sources */ = {
			isa = PBXSourcesBuildPhase;
			buildActionMask = 2147483647;
			files = (
				B0E7322B205DDDF4006098EC /* Material.swift in Sources */,
				B0E73225205DCF26006098EC /* Inertial.swift in Sources */,
				B0E73229205DD987006098EC /* Geometry.swift in Sources */,
				B0E73227205DD971006098EC /* Visual.swift in Sources */,
				B0AA9779208CF2B4003E6415 /* Robot.swift in Sources */,
				B0E73211205DC66B006098EC /* Link.swift in Sources */,
				B0E7323620623131006098EC /* Origin.swift in Sources */,
				B0E73220205DC88C006098EC /* URDFParser.swift in Sources */,
				B0E73234206217D8006098EC /* Joint.swift in Sources */,
				B0E731E5205DC646006098EC /* ViewController.swift in Sources */,
				B0E7322E2060BBA8006098EC /* URDFError.swift in Sources */,
				B0E731E3205DC646006098EC /* AppDelegate.swift in Sources */,
			);
			runOnlyForDeploymentPostprocessing = 0;
		};
		B0E731ED205DC646006098EC /* Sources */ = {
			isa = PBXSourcesBuildPhase;
			buildActionMask = 2147483647;
			files = (
				B0E7323820634ECD006098EC /* JointTests.swift in Sources */,
				B0E7323A20634F22006098EC /* URDFParserTests.swift in Sources */,
				B0E731F6205DC646006098EC /* PinkGoatTests.swift in Sources */,
				B0E7323220621752006098EC /* LinkTests.swift in Sources */,
			);
			runOnlyForDeploymentPostprocessing = 0;
		};
		B0E731F8205DC646006098EC /* Sources */ = {
			isa = PBXSourcesBuildPhase;
			buildActionMask = 2147483647;
			files = (
				B0E73201205DC646006098EC /* PinkGoatUITests.swift in Sources */,
			);
			runOnlyForDeploymentPostprocessing = 0;
		};
/* End PBXSourcesBuildPhase section */

/* Begin PBXTargetDependency section */
		B0E731F3205DC646006098EC /* PBXTargetDependency */ = {
			isa = PBXTargetDependency;
			target = B0E731DE205DC646006098EC /* PinkGoat */;
			targetProxy = B0E731F2205DC646006098EC /* PBXContainerItemProxy */;
		};
		B0E731FE205DC646006098EC /* PBXTargetDependency */ = {
			isa = PBXTargetDependency;
			target = B0E731DE205DC646006098EC /* PinkGoat */;
			targetProxy = B0E731FD205DC646006098EC /* PBXContainerItemProxy */;
		};
/* End PBXTargetDependency section */

/* Begin PBXVariantGroup section */
		B0E731E8205DC646006098EC /* Main.storyboard */ = {
			isa = PBXVariantGroup;
			children = (
				B0E731E9205DC646006098EC /* Base */,
			);
			name = Main.storyboard;
			sourceTree = "<group>";
		};
/* End PBXVariantGroup section */

/* Begin XCBuildConfiguration section */
		B0E73203205DC646006098EC /* Debug */ = {
			isa = XCBuildConfiguration;
			buildSettings = {
				ALWAYS_SEARCH_USER_PATHS = NO;
				CLANG_ANALYZER_NONNULL = YES;
				CLANG_ANALYZER_NUMBER_OBJECT_CONVERSION = YES_AGGRESSIVE;
				CLANG_CXX_LANGUAGE_STANDARD = "gnu++14";
				CLANG_CXX_LIBRARY = "libc++";
				CLANG_ENABLE_MODULES = YES;
				CLANG_ENABLE_OBJC_ARC = YES;
				CLANG_WARN_BLOCK_CAPTURE_AUTORELEASING = YES;
				CLANG_WARN_BOOL_CONVERSION = YES;
				CLANG_WARN_COMMA = YES;
				CLANG_WARN_CONSTANT_CONVERSION = YES;
				CLANG_WARN_DIRECT_OBJC_ISA_USAGE = YES_ERROR;
				CLANG_WARN_DOCUMENTATION_COMMENTS = YES;
				CLANG_WARN_EMPTY_BODY = YES;
				CLANG_WARN_ENUM_CONVERSION = YES;
				CLANG_WARN_INFINITE_RECURSION = YES;
				CLANG_WARN_INT_CONVERSION = YES;
				CLANG_WARN_NON_LITERAL_NULL_CONVERSION = YES;
				CLANG_WARN_OBJC_LITERAL_CONVERSION = YES;
				CLANG_WARN_OBJC_ROOT_CLASS = YES_ERROR;
				CLANG_WARN_RANGE_LOOP_ANALYSIS = YES;
				CLANG_WARN_STRICT_PROTOTYPES = YES;
				CLANG_WARN_SUSPICIOUS_MOVE = YES;
				CLANG_WARN_UNGUARDED_AVAILABILITY = YES_AGGRESSIVE;
				CLANG_WARN_UNREACHABLE_CODE = YES;
				CLANG_WARN__DUPLICATE_METHOD_MATCH = YES;
				CODE_SIGN_IDENTITY = "Mac Developer";
				COPY_PHASE_STRIP = NO;
				DEBUG_INFORMATION_FORMAT = dwarf;
				ENABLE_STRICT_OBJC_MSGSEND = YES;
				ENABLE_TESTABILITY = YES;
				GCC_C_LANGUAGE_STANDARD = gnu11;
				GCC_DYNAMIC_NO_PIC = NO;
				GCC_NO_COMMON_BLOCKS = YES;
				GCC_OPTIMIZATION_LEVEL = 0;
				GCC_PREPROCESSOR_DEFINITIONS = (
					"DEBUG=1",
					"$(inherited)",
				);
				GCC_WARN_64_TO_32_BIT_CONVERSION = YES;
				GCC_WARN_ABOUT_RETURN_TYPE = YES_ERROR;
				GCC_WARN_UNDECLARED_SELECTOR = YES;
				GCC_WARN_UNINITIALIZED_AUTOS = YES_AGGRESSIVE;
				GCC_WARN_UNUSED_FUNCTION = YES;
				GCC_WARN_UNUSED_VARIABLE = YES;
				MACOSX_DEPLOYMENT_TARGET = 10.13;
				MTL_ENABLE_DEBUG_INFO = YES;
				ONLY_ACTIVE_ARCH = YES;
				SDKROOT = macosx;
				SWIFT_ACTIVE_COMPILATION_CONDITIONS = DEBUG;
				SWIFT_OPTIMIZATION_LEVEL = "-Onone";
			};
			name = Debug;
		};
		B0E73204205DC646006098EC /* Release */ = {
			isa = XCBuildConfiguration;
			buildSettings = {
				ALWAYS_SEARCH_USER_PATHS = NO;
				CLANG_ANALYZER_NONNULL = YES;
				CLANG_ANALYZER_NUMBER_OBJECT_CONVERSION = YES_AGGRESSIVE;
				CLANG_CXX_LANGUAGE_STANDARD = "gnu++14";
				CLANG_CXX_LIBRARY = "libc++";
				CLANG_ENABLE_MODULES = YES;
				CLANG_ENABLE_OBJC_ARC = YES;
				CLANG_WARN_BLOCK_CAPTURE_AUTORELEASING = YES;
				CLANG_WARN_BOOL_CONVERSION = YES;
				CLANG_WARN_COMMA = YES;
				CLANG_WARN_CONSTANT_CONVERSION = YES;
				CLANG_WARN_DIRECT_OBJC_ISA_USAGE = YES_ERROR;
				CLANG_WARN_DOCUMENTATION_COMMENTS = YES;
				CLANG_WARN_EMPTY_BODY = YES;
				CLANG_WARN_ENUM_CONVERSION = YES;
				CLANG_WARN_INFINITE_RECURSION = YES;
				CLANG_WARN_INT_CONVERSION = YES;
				CLANG_WARN_NON_LITERAL_NULL_CONVERSION = YES;
				CLANG_WARN_OBJC_LITERAL_CONVERSION = YES;
				CLANG_WARN_OBJC_ROOT_CLASS = YES_ERROR;
				CLANG_WARN_RANGE_LOOP_ANALYSIS = YES;
				CLANG_WARN_STRICT_PROTOTYPES = YES;
				CLANG_WARN_SUSPICIOUS_MOVE = YES;
				CLANG_WARN_UNGUARDED_AVAILABILITY = YES_AGGRESSIVE;
				CLANG_WARN_UNREACHABLE_CODE = YES;
				CLANG_WARN__DUPLICATE_METHOD_MATCH = YES;
				CODE_SIGN_IDENTITY = "Mac Developer";
				COPY_PHASE_STRIP = NO;
				DEBUG_INFORMATION_FORMAT = "dwarf-with-dsym";
				ENABLE_NS_ASSERTIONS = NO;
				ENABLE_STRICT_OBJC_MSGSEND = YES;
				GCC_C_LANGUAGE_STANDARD = gnu11;
				GCC_NO_COMMON_BLOCKS = YES;
				GCC_WARN_64_TO_32_BIT_CONVERSION = YES;
				GCC_WARN_ABOUT_RETURN_TYPE = YES_ERROR;
				GCC_WARN_UNDECLARED_SELECTOR = YES;
				GCC_WARN_UNINITIALIZED_AUTOS = YES_AGGRESSIVE;
				GCC_WARN_UNUSED_FUNCTION = YES;
				GCC_WARN_UNUSED_VARIABLE = YES;
				MACOSX_DEPLOYMENT_TARGET = 10.13;
				MTL_ENABLE_DEBUG_INFO = NO;
				SDKROOT = macosx;
				SWIFT_OPTIMIZATION_LEVEL = "-Owholemodule";
			};
			name = Release;
		};
		B0E73206205DC646006098EC /* Debug */ = {
			isa = XCBuildConfiguration;
			buildSettings = {
				ASSETCATALOG_COMPILER_APPICON_NAME = AppIcon;
				CODE_SIGN_ENTITLEMENTS = PinkGoat/PinkGoat.entitlements;
				CODE_SIGN_STYLE = Automatic;
				COMBINE_HIDPI_IMAGES = YES;
				DEVELOPMENT_TEAM = Q273YZ238V;
				FRAMEWORK_SEARCH_PATHS = (
					"$(inherited)",
					"$(PROJECT_DIR)/PinkGoat",
					"$(PROJECT_DIR)",
				);
				GCC_TREAT_WARNINGS_AS_ERRORS = YES;
				INFOPLIST_FILE = PinkGoat/Info.plist;
				LD_RUNPATH_SEARCH_PATHS = "$(inherited) @executable_path/../Frameworks";
				PRODUCT_BUNDLE_IDENTIFIER = roy.PinkGoat;
				PRODUCT_NAME = "$(TARGET_NAME)";
				SWIFT_TREAT_WARNINGS_AS_ERRORS = YES;
				SWIFT_VERSION = 4.0;
			};
			name = Debug;
		};
		B0E73207205DC646006098EC /* Release */ = {
			isa = XCBuildConfiguration;
			buildSettings = {
				ASSETCATALOG_COMPILER_APPICON_NAME = AppIcon;
				CODE_SIGN_ENTITLEMENTS = PinkGoat/PinkGoat.entitlements;
				CODE_SIGN_STYLE = Automatic;
				COMBINE_HIDPI_IMAGES = YES;
				DEVELOPMENT_TEAM = Q273YZ238V;
				FRAMEWORK_SEARCH_PATHS = (
					"$(inherited)",
					"$(PROJECT_DIR)/PinkGoat",
					"$(PROJECT_DIR)",
				);
				GCC_TREAT_WARNINGS_AS_ERRORS = YES;
				INFOPLIST_FILE = PinkGoat/Info.plist;
				LD_RUNPATH_SEARCH_PATHS = "$(inherited) @executable_path/../Frameworks";
				PRODUCT_BUNDLE_IDENTIFIER = roy.PinkGoat;
				PRODUCT_NAME = "$(TARGET_NAME)";
				SWIFT_TREAT_WARNINGS_AS_ERRORS = YES;
				SWIFT_VERSION = 4.0;
			};
			name = Release;
		};
		B0E73209205DC646006098EC /* Debug */ = {
			isa = XCBuildConfiguration;
			buildSettings = {
				ALWAYS_EMBED_SWIFT_STANDARD_LIBRARIES = YES;
				BUNDLE_LOADER = "$(TEST_HOST)";
				CODE_SIGN_STYLE = Automatic;
				COMBINE_HIDPI_IMAGES = YES;
				DEVELOPMENT_TEAM = Q273YZ238V;
				FRAMEWORK_SEARCH_PATHS = (
					"$(inherited)",
					"$(PROJECT_DIR)",
				);
				INFOPLIST_FILE = PinkGoatTests/Info.plist;
				LD_RUNPATH_SEARCH_PATHS = "$(inherited) @executable_path/../Frameworks @loader_path/../Frameworks";
				PRODUCT_BUNDLE_IDENTIFIER = roy.PinkGoatTests;
				PRODUCT_NAME = "$(TARGET_NAME)";
				SWIFT_VERSION = 4.0;
				TEST_HOST = "$(BUILT_PRODUCTS_DIR)/PinkGoat.app/Contents/MacOS/PinkGoat";
			};
			name = Debug;
		};
		B0E7320A205DC646006098EC /* Release */ = {
			isa = XCBuildConfiguration;
			buildSettings = {
				ALWAYS_EMBED_SWIFT_STANDARD_LIBRARIES = YES;
				BUNDLE_LOADER = "$(TEST_HOST)";
				CODE_SIGN_STYLE = Automatic;
				COMBINE_HIDPI_IMAGES = YES;
				DEVELOPMENT_TEAM = Q273YZ238V;
				FRAMEWORK_SEARCH_PATHS = (
					"$(inherited)",
					"$(PROJECT_DIR)",
				);
				INFOPLIST_FILE = PinkGoatTests/Info.plist;
				LD_RUNPATH_SEARCH_PATHS = "$(inherited) @executable_path/../Frameworks @loader_path/../Frameworks";
				PRODUCT_BUNDLE_IDENTIFIER = roy.PinkGoatTests;
				PRODUCT_NAME = "$(TARGET_NAME)";
				SWIFT_VERSION = 4.0;
				TEST_HOST = "$(BUILT_PRODUCTS_DIR)/PinkGoat.app/Contents/MacOS/PinkGoat";
			};
			name = Release;
		};
		B0E7320C205DC646006098EC /* Debug */ = {
			isa = XCBuildConfiguration;
			buildSettings = {
				ALWAYS_EMBED_SWIFT_STANDARD_LIBRARIES = YES;
				CODE_SIGN_STYLE = Automatic;
				COMBINE_HIDPI_IMAGES = YES;
				DEVELOPMENT_TEAM = Q273YZ238V;
				INFOPLIST_FILE = PinkGoatUITests/Info.plist;
				LD_RUNPATH_SEARCH_PATHS = "$(inherited) @executable_path/../Frameworks @loader_path/../Frameworks";
				PRODUCT_BUNDLE_IDENTIFIER = roy.PinkGoatUITests;
				PRODUCT_NAME = "$(TARGET_NAME)";
				SWIFT_VERSION = 4.0;
				TEST_TARGET_NAME = PinkGoat;
			};
			name = Debug;
		};
		B0E7320D205DC646006098EC /* Release */ = {
			isa = XCBuildConfiguration;
			buildSettings = {
				ALWAYS_EMBED_SWIFT_STANDARD_LIBRARIES = YES;
				CODE_SIGN_STYLE = Automatic;
				COMBINE_HIDPI_IMAGES = YES;
				DEVELOPMENT_TEAM = Q273YZ238V;
				INFOPLIST_FILE = PinkGoatUITests/Info.plist;
				LD_RUNPATH_SEARCH_PATHS = "$(inherited) @executable_path/../Frameworks @loader_path/../Frameworks";
				PRODUCT_BUNDLE_IDENTIFIER = roy.PinkGoatUITests;
				PRODUCT_NAME = "$(TARGET_NAME)";
				SWIFT_VERSION = 4.0;
				TEST_TARGET_NAME = PinkGoat;
			};
			name = Release;
		};
/* End XCBuildConfiguration section */

/* Begin XCConfigurationList section */
		B0E731DA205DC646006098EC /* Build configuration list for PBXProject "PinkGoat" */ = {
			isa = XCConfigurationList;
			buildConfigurations = (
				B0E73203205DC646006098EC /* Debug */,
				B0E73204205DC646006098EC /* Release */,
			);
			defaultConfigurationIsVisible = 0;
			defaultConfigurationName = Release;
		};
		B0E73205205DC646006098EC /* Build configuration list for PBXNativeTarget "PinkGoat" */ = {
			isa = XCConfigurationList;
			buildConfigurations = (
				B0E73206205DC646006098EC /* Debug */,
				B0E73207205DC646006098EC /* Release */,
			);
			defaultConfigurationIsVisible = 0;
			defaultConfigurationName = Release;
		};
		B0E73208205DC646006098EC /* Build configuration list for PBXNativeTarget "PinkGoatTests" */ = {
			isa = XCConfigurationList;
			buildConfigurations = (
				B0E73209205DC646006098EC /* Debug */,
				B0E7320A205DC646006098EC /* Release */,
			);
			defaultConfigurationIsVisible = 0;
			defaultConfigurationName = Release;
		};
		B0E7320B205DC646006098EC /* Build configuration list for PBXNativeTarget "PinkGoatUITests" */ = {
			isa = XCConfigurationList;
			buildConfigurations = (
				B0E7320C205DC646006098EC /* Debug */,
				B0E7320D205DC646006098EC /* Release */,
			);
			defaultConfigurationIsVisible = 0;
			defaultConfigurationName = Release;
		};
/* End XCConfigurationList section */
	};
	rootObject = B0E731D7205DC646006098EC /* Project object */;
}
